// !$*UTF8*$!
{
	archiveVersion = 1;
	classes = {
	};
	objectVersion = 77;
	objects = {

/* Begin PBXBuildFile section */
		F21313D12ECE9D730027058B /* FirebaseAuth in Frameworks */ = {isa = PBXBuildFile; productRef = F21313D02ECE9D730027058B /* FirebaseAuth */; };
		F21313D32ECE9D730027058B /* FirebaseAuthCombine-Community in Frameworks */ = {isa = PBXBuildFile; productRef = F21313D22ECE9D730027058B /* FirebaseAuthCombine-Community */; };
		F21313D52ECE9D730027058B /* FirebaseDatabase in Frameworks */ = {isa = PBXBuildFile; productRef = F21313D42ECE9D730027058B /* FirebaseDatabase */; };
		F21313D72ECE9D730027058B /* FirebaseFirestore in Frameworks */ = {isa = PBXBuildFile; productRef = F21313D62ECE9D730027058B /* FirebaseFirestore */; };
		F21313D92ECE9D730027058B /* FirebaseFirestoreCombine-Community in Frameworks */ = {isa = PBXBuildFile; productRef = F21313D82ECE9D730027058B /* FirebaseFirestoreCombine-Community */; };
		F21313DB2ECE9D730027058B /* FirebaseStorage in Frameworks */ = {isa = PBXBuildFile; productRef = F21313DA2ECE9D730027058B /* FirebaseStorage */; };
		F21313DD2ECE9D730027058B /* FirebaseStorageCombine-Community in Frameworks */ = {isa = PBXBuildFile; productRef = F21313DC2ECE9D730027058B /* FirebaseStorageCombine-Community */; };
		F29C3CB12EDFF08C00BAEBBD /* GoogleSignIn in Frameworks */ = {isa = PBXBuildFile; productRef = F29C3CB02EDFF08C00BAEBBD /* GoogleSignIn */; };
		F29C3CB32EDFF08C00BAEBBD /* GoogleSignInSwift in Frameworks */ = {isa = PBXBuildFile; productRef = F29C3CB22EDFF08C00BAEBBD /* GoogleSignInSwift */; };
		F29C3CF72EE3911600BAEBBD /* SDWebImageSwiftUI in Frameworks */ = {isa = PBXBuildFile; productRef = F29C3CF62EE3911600BAEBBD /* SDWebImageSwiftUI */; };
/* End PBXBuildFile section */

/* Begin PBXContainerItemProxy section */
		F21313792ECBE4A40027058B /* PBXContainerItemProxy */ = {
			isa = PBXContainerItemProxy;
			containerPortal = F21313632ECBE4A20027058B /* Project object */;
			proxyType = 1;
			remoteGlobalIDString = F213136A2ECBE4A20027058B;
			remoteInfo = ParkEats;
		};
		F21313832ECBE4A40027058B /* PBXContainerItemProxy */ = {
			isa = PBXContainerItemProxy;
			containerPortal = F21313632ECBE4A20027058B /* Project object */;
			proxyType = 1;
			remoteGlobalIDString = F213136A2ECBE4A20027058B;
			remoteInfo = ParkEats;
		};
/* End PBXContainerItemProxy section */

/* Begin PBXFileReference section */
		F213136B2ECBE4A20027058B /* ParkEats.app */ = {isa = PBXFileReference; explicitFileType = wrapper.application; includeInIndex = 0; path = ParkEats.app; sourceTree = BUILT_PRODUCTS_DIR; };
		F21313782ECBE4A40027058B /* ParkEatsTests.xctest */ = {isa = PBXFileReference; explicitFileType = wrapper.cfbundle; includeInIndex = 0; path = ParkEatsTests.xctest; sourceTree = BUILT_PRODUCTS_DIR; };
		F21313822ECBE4A40027058B /* ParkEatsUITests.xctest */ = {isa = PBXFileReference; explicitFileType = wrapper.cfbundle; includeInIndex = 0; path = ParkEatsUITests.xctest; sourceTree = BUILT_PRODUCTS_DIR; };
/* End PBXFileReference section */

/* Begin PBXFileSystemSynchronizedBuildFileExceptionSet section */
		F29C3D572EE69EFD00BAEBBD /* Exceptions for "ParkEats" folder in "ParkEats" target */ = {
			isa = PBXFileSystemSynchronizedBuildFileExceptionSet;
			membershipExceptions = (
				Info.plist,
			);
			target = F213136A2ECBE4A20027058B /* ParkEats */;
		};
/* End PBXFileSystemSynchronizedBuildFileExceptionSet section */

/* Begin PBXFileSystemSynchronizedRootGroup section */
		F213136D2ECBE4A20027058B /* ParkEats */ = {
			isa = PBXFileSystemSynchronizedRootGroup;
			exceptions = (
				F29C3D572EE69EFD00BAEBBD /* Exceptions for "ParkEats" folder in "ParkEats" target */,
			);
			path = ParkEats;
			sourceTree = "<group>";
		};
		F213137B2ECBE4A40027058B /* ParkEatsTests */ = {
			isa = PBXFileSystemSynchronizedRootGroup;
			path = ParkEatsTests;
			sourceTree = "<group>";
		};
		F21313852ECBE4A40027058B /* ParkEatsUITests */ = {
			isa = PBXFileSystemSynchronizedRootGroup;
			path = ParkEatsUITests;
			sourceTree = "<group>";
		};
		F21313A72ECBED330027058B /* View */ = {
			isa = PBXFileSystemSynchronizedRootGroup;
			path = View;
			sourceTree = "<group>";
		};
		F21313A82ECBED3A0027058B /* ViewModel */ = {
			isa = PBXFileSystemSynchronizedRootGroup;
			path = ViewModel;
			sourceTree = "<group>";
		};
		F21313A92ECBED460027058B /* Model */ = {
			isa = PBXFileSystemSynchronizedRootGroup;
			path = Model;
			sourceTree = "<group>";
		};
/* End PBXFileSystemSynchronizedRootGroup section */

/* Begin PBXFrameworksBuildPhase section */
		F21313682ECBE4A20027058B /* Frameworks */ = {
			isa = PBXFrameworksBuildPhase;
			buildActionMask = 2147483647;
			files = (
				F29C3CF72EE3911600BAEBBD /* SDWebImageSwiftUI in Frameworks */,
				F29C3CB32EDFF08C00BAEBBD /* GoogleSignInSwift in Frameworks */,
				F21313D52ECE9D730027058B /* FirebaseDatabase in Frameworks */,
				F29C3CB12EDFF08C00BAEBBD /* GoogleSignIn in Frameworks */,
				F21313DD2ECE9D730027058B /* FirebaseStorageCombine-Community in Frameworks */,
				F21313D72ECE9D730027058B /* FirebaseFirestore in Frameworks */,
				F21313D12ECE9D730027058B /* FirebaseAuth in Frameworks */,
				F21313D92ECE9D730027058B /* FirebaseFirestoreCombine-Community in Frameworks */,
				F21313D32ECE9D730027058B /* FirebaseAuthCombine-Community in Frameworks */,
				F21313DB2ECE9D730027058B /* FirebaseStorage in Frameworks */,
			);
			runOnlyForDeploymentPostprocessing = 0;
		};
		F21313752ECBE4A40027058B /* Frameworks */ = {
			isa = PBXFrameworksBuildPhase;
			buildActionMask = 2147483647;
			files = (
			);
			runOnlyForDeploymentPostprocessing = 0;
		};
		F213137F2ECBE4A40027058B /* Frameworks */ = {
			isa = PBXFrameworksBuildPhase;
			buildActionMask = 2147483647;
			files = (
			);
			runOnlyForDeploymentPostprocessing = 0;
		};
/* End PBXFrameworksBuildPhase section */

/* Begin PBXGroup section */
		F21313622ECBE4A20027058B = {
			isa = PBXGroup;
			children = (
				F21313A92ECBED460027058B /* Model */,
				F21313A82ECBED3A0027058B /* ViewModel */,
				F21313A72ECBED330027058B /* View */,
				F213136D2ECBE4A20027058B /* ParkEats */,
				F213137B2ECBE4A40027058B /* ParkEatsTests */,
				F21313852ECBE4A40027058B /* ParkEatsUITests */,
				F213139E2ECBE6CC0027058B /* Frameworks */,
				F213136C2ECBE4A20027058B /* Products */,
			);
			sourceTree = "<group>";
		};
		F213136C2ECBE4A20027058B /* Products */ = {
			isa = PBXGroup;
			children = (
				F213136B2ECBE4A20027058B /* ParkEats.app */,
				F21313782ECBE4A40027058B /* ParkEatsTests.xctest */,
				F21313822ECBE4A40027058B /* ParkEatsUITests.xctest */,
			);
			name = Products;
			sourceTree = "<group>";
		};
		F213139E2ECBE6CC0027058B /* Frameworks */ = {
			isa = PBXGroup;
			children = (
			);
			name = Frameworks;
			sourceTree = "<group>";
		};
/* End PBXGroup section */

/* Begin PBXNativeTarget section */
		F213136A2ECBE4A20027058B /* ParkEats */ = {
			isa = PBXNativeTarget;
			buildConfigurationList = F213138C2ECBE4A40027058B /* Build configuration list for PBXNativeTarget "ParkEats" */;
			buildPhases = (
				F21313672ECBE4A20027058B /* Sources */,
				F21313682ECBE4A20027058B /* Frameworks */,
				F21313692ECBE4A20027058B /* Resources */,
			);
			buildRules = (
			);
			dependencies = (
			);
			fileSystemSynchronizedGroups = (
				F213136D2ECBE4A20027058B /* ParkEats */,
				F21313A72ECBED330027058B /* View */,
				F21313A82ECBED3A0027058B /* ViewModel */,
				F21313A92ECBED460027058B /* Model */,
			);
			name = ParkEats;
			packageProductDependencies = (
				F21313D02ECE9D730027058B /* FirebaseAuth */,
				F21313D22ECE9D730027058B /* FirebaseAuthCombine-Community */,
				F21313D42ECE9D730027058B /* FirebaseDatabase */,
				F21313D62ECE9D730027058B /* FirebaseFirestore */,
				F21313D82ECE9D730027058B /* FirebaseFirestoreCombine-Community */,
				F21313DA2ECE9D730027058B /* FirebaseStorage */,
				F21313DC2ECE9D730027058B /* FirebaseStorageCombine-Community */,
				F29C3CB02EDFF08C00BAEBBD /* GoogleSignIn */,
				F29C3CB22EDFF08C00BAEBBD /* GoogleSignInSwift */,
				F29C3CF62EE3911600BAEBBD /* SDWebImageSwiftUI */,
			);
			productName = ParkEats;
			productReference = F213136B2ECBE4A20027058B /* ParkEats.app */;
			productType = "com.apple.product-type.application";
		};
		F21313772ECBE4A40027058B /* ParkEatsTests */ = {
			isa = PBXNativeTarget;
			buildConfigurationList = F213138F2ECBE4A40027058B /* Build configuration list for PBXNativeTarget "ParkEatsTests" */;
			buildPhases = (
				F21313742ECBE4A40027058B /* Sources */,
				F21313752ECBE4A40027058B /* Frameworks */,
				F21313762ECBE4A40027058B /* Resources */,
			);
			buildRules = (
			);
			dependencies = (
				F213137A2ECBE4A40027058B /* PBXTargetDependency */,
			);
			fileSystemSynchronizedGroups = (
				F213137B2ECBE4A40027058B /* ParkEatsTests */,
			);
			name = ParkEatsTests;
			packageProductDependencies = (
			);
			productName = ParkEatsTests;
			productReference = F21313782ECBE4A40027058B /* ParkEatsTests.xctest */;
			productType = "com.apple.product-type.bundle.unit-test";
		};
		F21313812ECBE4A40027058B /* ParkEatsUITests */ = {
			isa = PBXNativeTarget;
			buildConfigurationList = F21313922ECBE4A40027058B /* Build configuration list for PBXNativeTarget "ParkEatsUITests" */;
			buildPhases = (
				F213137E2ECBE4A40027058B /* Sources */,
				F213137F2ECBE4A40027058B /* Frameworks */,
				F21313802ECBE4A40027058B /* Resources */,
			);
			buildRules = (
			);
			dependencies = (
				F21313842ECBE4A40027058B /* PBXTargetDependency */,
			);
			fileSystemSynchronizedGroups = (
				F21313852ECBE4A40027058B /* ParkEatsUITests */,
			);
			name = ParkEatsUITests;
			packageProductDependencies = (
			);
			productName = ParkEatsUITests;
			productReference = F21313822ECBE4A40027058B /* ParkEatsUITests.xctest */;
			productType = "com.apple.product-type.bundle.ui-testing";
		};
/* End PBXNativeTarget section */

/* Begin PBXProject section */
		F21313632ECBE4A20027058B /* Project object */ = {
			isa = PBXProject;
			attributes = {
				BuildIndependentTargetsInParallel = 1;
				LastSwiftUpdateCheck = 2610;
				LastUpgradeCheck = 2610;
				TargetAttributes = {
					F213136A2ECBE4A20027058B = {
						CreatedOnToolsVersion = 26.1.1;
					};
					F21313772ECBE4A40027058B = {
						CreatedOnToolsVersion = 26.1.1;
						TestTargetID = F213136A2ECBE4A20027058B;
					};
					F21313812ECBE4A40027058B = {
						CreatedOnToolsVersion = 26.1.1;
						TestTargetID = F213136A2ECBE4A20027058B;
					};
				};
			};
			buildConfigurationList = F21313662ECBE4A20027058B /* Build configuration list for PBXProject "ParkEats" */;
			developmentRegion = en;
			hasScannedForEncodings = 0;
			knownRegions = (
				en,
				Base,
			);
			mainGroup = F21313622ECBE4A20027058B;
			minimizedProjectReferenceProxies = 1;
			packageReferences = (
				F21313CF2ECE9D730027058B /* XCRemoteSwiftPackageReference "firebase-ios-sdk" */,
				F29C3CAF2EDFF08C00BAEBBD /* XCRemoteSwiftPackageReference "GoogleSignIn-iOS" */,
				F29C3CF52EE3911600BAEBBD /* XCRemoteSwiftPackageReference "SDWebImageSwiftUI" */,
			);
			preferredProjectObjectVersion = 77;
			productRefGroup = F213136C2ECBE4A20027058B /* Products */;
			projectDirPath = "";
			projectRoot = "";
			targets = (
				F213136A2ECBE4A20027058B /* ParkEats */,
				F21313772ECBE4A40027058B /* ParkEatsTests */,
				F21313812ECBE4A40027058B /* ParkEatsUITests */,
			);
		};
/* End PBXProject section */

/* Begin PBXResourcesBuildPhase section */
		F21313692ECBE4A20027058B /* Resources */ = {
			isa = PBXResourcesBuildPhase;
			buildActionMask = 2147483647;
			files = (
			);
			runOnlyForDeploymentPostprocessing = 0;
		};
		F21313762ECBE4A40027058B /* Resources */ = {
			isa = PBXResourcesBuildPhase;
			buildActionMask = 2147483647;
			files = (
			);
			runOnlyForDeploymentPostprocessing = 0;
		};
		F21313802ECBE4A40027058B /* Resources */ = {
			isa = PBXResourcesBuildPhase;
			buildActionMask = 2147483647;
			files = (
			);
			runOnlyForDeploymentPostprocessing = 0;
		};
/* End PBXResourcesBuildPhase section */

/* Begin PBXSourcesBuildPhase section */
		F21313672ECBE4A20027058B /* Sources */ = {
			isa = PBXSourcesBuildPhase;
			buildActionMask = 2147483647;
			files = (
			);
			runOnlyForDeploymentPostprocessing = 0;
		};
		F21313742ECBE4A40027058B /* Sources */ = {
			isa = PBXSourcesBuildPhase;
			buildActionMask = 2147483647;
			files = (
			);
			runOnlyForDeploymentPostprocessing = 0;
		};
		F213137E2ECBE4A40027058B /* Sources */ = {
			isa = PBXSourcesBuildPhase;
			buildActionMask = 2147483647;
			files = (
			);
			runOnlyForDeploymentPostprocessing = 0;
		};
/* End PBXSourcesBuildPhase section */

/* Begin PBXTargetDependency section */
		F213137A2ECBE4A40027058B /* PBXTargetDependency */ = {
			isa = PBXTargetDependency;
			target = F213136A2ECBE4A20027058B /* ParkEats */;
			targetProxy = F21313792ECBE4A40027058B /* PBXContainerItemProxy */;
		};
		F21313842ECBE4A40027058B /* PBXTargetDependency */ = {
			isa = PBXTargetDependency;
			target = F213136A2ECBE4A20027058B /* ParkEats */;
			targetProxy = F21313832ECBE4A40027058B /* PBXContainerItemProxy */;
		};
/* End PBXTargetDependency section */

/* Begin XCBuildConfiguration section */
		F213138A2ECBE4A40027058B /* Debug */ = {
			isa = XCBuildConfiguration;
			buildSettings = {
				ALWAYS_SEARCH_USER_PATHS = NO;
				ASSETCATALOG_COMPILER_GENERATE_SWIFT_ASSET_SYMBOL_EXTENSIONS = YES;
				CLANG_ANALYZER_NONNULL = YES;
				CLANG_ANALYZER_NUMBER_OBJECT_CONVERSION = YES_AGGRESSIVE;
				CLANG_CXX_LANGUAGE_STANDARD = "gnu++20";
				CLANG_ENABLE_MODULES = YES;
				CLANG_ENABLE_OBJC_ARC = YES;
				CLANG_ENABLE_OBJC_WEAK = YES;
				CLANG_WARN_BLOCK_CAPTURE_AUTORELEASING = YES;
				CLANG_WARN_BOOL_CONVERSION = YES;
				CLANG_WARN_COMMA = YES;
				CLANG_WARN_CONSTANT_CONVERSION = YES;
				CLANG_WARN_DEPRECATED_OBJC_IMPLEMENTATIONS = YES;
				CLANG_WARN_DIRECT_OBJC_ISA_USAGE = YES_ERROR;
				CLANG_WARN_DOCUMENTATION_COMMENTS = YES;
				CLANG_WARN_EMPTY_BODY = YES;
				CLANG_WARN_ENUM_CONVERSION = YES;
				CLANG_WARN_INFINITE_RECURSION = YES;
				CLANG_WARN_INT_CONVERSION = YES;
				CLANG_WARN_NON_LITERAL_NULL_CONVERSION = YES;
				CLANG_WARN_OBJC_IMPLICIT_RETAIN_SELF = YES;
				CLANG_WARN_OBJC_LITERAL_CONVERSION = YES;
				CLANG_WARN_OBJC_ROOT_CLASS = YES_ERROR;
				CLANG_WARN_QUOTED_INCLUDE_IN_FRAMEWORK_HEADER = YES;
				CLANG_WARN_RANGE_LOOP_ANALYSIS = YES;
				CLANG_WARN_STRICT_PROTOTYPES = YES;
				CLANG_WARN_SUSPICIOUS_MOVE = YES;
				CLANG_WARN_UNGUARDED_AVAILABILITY = YES_AGGRESSIVE;
				CLANG_WARN_UNREACHABLE_CODE = YES;
				CLANG_WARN__DUPLICATE_METHOD_MATCH = YES;
				COPY_PHASE_STRIP = NO;
				DEBUG_INFORMATION_FORMAT = dwarf;
				ENABLE_STRICT_OBJC_MSGSEND = YES;
				ENABLE_TESTABILITY = YES;
				ENABLE_USER_SCRIPT_SANDBOXING = YES;
				GCC_C_LANGUAGE_STANDARD = gnu17;
				GCC_DYNAMIC_NO_PIC = NO;
				GCC_NO_COMMON_BLOCKS = YES;
				GCC_OPTIMIZATION_LEVEL = 0;
				GCC_PREPROCESSOR_DEFINITIONS = (
					"DEBUG=1",
					"$(inherited)",
				);
				GCC_WARN_64_TO_32_BIT_CONVERSION = YES;
				GCC_WARN_ABOUT_RETURN_TYPE = YES_ERROR;
				GCC_WARN_UNDECLARED_SELECTOR = YES;
				GCC_WARN_UNINITIALIZED_AUTOS = YES_AGGRESSIVE;
				GCC_WARN_UNUSED_FUNCTION = YES;
				GCC_WARN_UNUSED_VARIABLE = YES;
				IPHONEOS_DEPLOYMENT_TARGET = 26.1;
				LOCALIZATION_PREFERS_STRING_CATALOGS = YES;
				MTL_ENABLE_DEBUG_INFO = INCLUDE_SOURCE;
				MTL_FAST_MATH = YES;
				ONLY_ACTIVE_ARCH = YES;
				SDKROOT = iphoneos;
				SWIFT_ACTIVE_COMPILATION_CONDITIONS = "DEBUG $(inherited)";
				SWIFT_OPTIMIZATION_LEVEL = "-Onone";
			};
			name = Debug;
		};
		F213138B2ECBE4A40027058B /* Release */ = {
			isa = XCBuildConfiguration;
			buildSettings = {
				ALWAYS_SEARCH_USER_PATHS = NO;
				ASSETCATALOG_COMPILER_GENERATE_SWIFT_ASSET_SYMBOL_EXTENSIONS = YES;
				CLANG_ANALYZER_NONNULL = YES;
				CLANG_ANALYZER_NUMBER_OBJECT_CONVERSION = YES_AGGRESSIVE;
				CLANG_CXX_LANGUAGE_STANDARD = "gnu++20";
				CLANG_ENABLE_MODULES = YES;
				CLANG_ENABLE_OBJC_ARC = YES;
				CLANG_ENABLE_OBJC_WEAK = YES;
				CLANG_WARN_BLOCK_CAPTURE_AUTORELEASING = YES;
				CLANG_WARN_BOOL_CONVERSION = YES;
				CLANG_WARN_COMMA = YES;
				CLANG_WARN_CONSTANT_CONVERSION = YES;
				CLANG_WARN_DEPRECATED_OBJC_IMPLEMENTATIONS = YES;
				CLANG_WARN_DIRECT_OBJC_ISA_USAGE = YES_ERROR;
				CLANG_WARN_DOCUMENTATION_COMMENTS = YES;
				CLANG_WARN_EMPTY_BODY = YES;
				CLANG_WARN_ENUM_CONVERSION = YES;
				CLANG_WARN_INFINITE_RECURSION = YES;
				CLANG_WARN_INT_CONVERSION = YES;
				CLANG_WARN_NON_LITERAL_NULL_CONVERSION = YES;
				CLANG_WARN_OBJC_IMPLICIT_RETAIN_SELF = YES;
				CLANG_WARN_OBJC_LITERAL_CONVERSION = YES;
				CLANG_WARN_OBJC_ROOT_CLASS = YES_ERROR;
				CLANG_WARN_QUOTED_INCLUDE_IN_FRAMEWORK_HEADER = YES;
				CLANG_WARN_RANGE_LOOP_ANALYSIS = YES;
				CLANG_WARN_STRICT_PROTOTYPES = YES;
				CLANG_WARN_SUSPICIOUS_MOVE = YES;
				CLANG_WARN_UNGUARDED_AVAILABILITY = YES_AGGRESSIVE;
				CLANG_WARN_UNREACHABLE_CODE = YES;
				CLANG_WARN__DUPLICATE_METHOD_MATCH = YES;
				COPY_PHASE_STRIP = NO;
				DEBUG_INFORMATION_FORMAT = "dwarf-with-dsym";
				ENABLE_NS_ASSERTIONS = NO;
				ENABLE_STRICT_OBJC_MSGSEND = YES;
				ENABLE_USER_SCRIPT_SANDBOXING = YES;
				GCC_C_LANGUAGE_STANDARD = gnu17;
				GCC_NO_COMMON_BLOCKS = YES;
				GCC_WARN_64_TO_32_BIT_CONVERSION = YES;
				GCC_WARN_ABOUT_RETURN_TYPE = YES_ERROR;
				GCC_WARN_UNDECLARED_SELECTOR = YES;
				GCC_WARN_UNINITIALIZED_AUTOS = YES_AGGRESSIVE;
				GCC_WARN_UNUSED_FUNCTION = YES;
				GCC_WARN_UNUSED_VARIABLE = YES;
				IPHONEOS_DEPLOYMENT_TARGET = 26.1;
				LOCALIZATION_PREFERS_STRING_CATALOGS = YES;
				MTL_ENABLE_DEBUG_INFO = NO;
				MTL_FAST_MATH = YES;
				SDKROOT = iphoneos;
				SWIFT_COMPILATION_MODE = wholemodule;
				VALIDATE_PRODUCT = YES;
			};
			name = Release;
		};
		F213138D2ECBE4A40027058B /* Debug */ = {
			isa = XCBuildConfiguration;
			buildSettings = {
				ASSETCATALOG_COMPILER_APPICON_NAME = AppIcon;
				ASSETCATALOG_COMPILER_GLOBAL_ACCENT_COLOR_NAME = AccentColor;
				CODE_SIGN_STYLE = Automatic;
				CURRENT_PROJECT_VERSION = 1;
				ENABLE_PREVIEWS = YES;
				GENERATE_INFOPLIST_FILE = YES;
				INFOPLIST_FILE = ParkEats/Info.plist;
				INFOPLIST_KEY_CFBundleDisplayName = ParkHopper;
				INFOPLIST_KEY_NSLocationUsageDescription = "\"ParkHopper is requesting to use your location\"";
				INFOPLIST_KEY_NSPhotoLibraryUsageDescription = "\"ParkHopper is requesting access to your phtotos\"";
				INFOPLIST_KEY_UIApplicationSceneManifest_Generation = YES;
				INFOPLIST_KEY_UIApplicationSupportsIndirectInputEvents = YES;
				INFOPLIST_KEY_UILaunchScreen_Generation = YES;
				INFOPLIST_KEY_UISupportedInterfaceOrientations = UIInterfaceOrientationPortrait;
				INFOPLIST_KEY_UISupportsDocumentBrowser = YES;
				LD_RUNPATH_SEARCH_PATHS = (
					"$(inherited)",
					"@executable_path/Frameworks",
				);
				MARKETING_VERSION = 1.0;
				PRODUCT_BUNDLE_IDENTIFIER = TAC.ParkEats;
				PRODUCT_NAME = "$(TARGET_NAME)";
				STRING_CATALOG_GENERATE_SYMBOLS = YES;
				SWIFT_APPROACHABLE_CONCURRENCY = YES;
				SWIFT_DEFAULT_ACTOR_ISOLATION = MainActor;
				SWIFT_EMIT_LOC_STRINGS = YES;
				SWIFT_UPCOMING_FEATURE_MEMBER_IMPORT_VISIBILITY = YES;
				SWIFT_VERSION = 5.0;
				TARGETED_DEVICE_FAMILY = "1,2";
			};
			name = Debug;
		};
		F213138E2ECBE4A40027058B /* Release */ = {
			isa = XCBuildConfiguration;
			buildSettings = {
				ASSETCATALOG_COMPILER_APPICON_NAME = AppIcon;
				ASSETCATALOG_COMPILER_GLOBAL_ACCENT_COLOR_NAME = AccentColor;
				CODE_SIGN_STYLE = Automatic;
				CURRENT_PROJECT_VERSION = 1;
				ENABLE_PREVIEWS = YES;
				GENERATE_INFOPLIST_FILE = YES;
				INFOPLIST_FILE = ParkEats/Info.plist;
				INFOPLIST_KEY_CFBundleDisplayName = ParkHopper;
				INFOPLIST_KEY_NSLocationUsageDescription = "\"ParkHopper is requesting to use your location\"";
				INFOPLIST_KEY_NSPhotoLibraryUsageDescription = "\"ParkHopper is requesting access to your phtotos\"";
				INFOPLIST_KEY_UIApplicationSceneManifest_Generation = YES;
				INFOPLIST_KEY_UIApplicationSupportsIndirectInputEvents = YES;
				INFOPLIST_KEY_UILaunchScreen_Generation = YES;
				INFOPLIST_KEY_UISupportedInterfaceOrientations = UIInterfaceOrientationPortrait;
				INFOPLIST_KEY_UISupportsDocumentBrowser = YES;
				LD_RUNPATH_SEARCH_PATHS = (
					"$(inherited)",
					"@executable_path/Frameworks",
				);
				MARKETING_VERSION = 1.0;
				PRODUCT_BUNDLE_IDENTIFIER = TAC.ParkEats;
				PRODUCT_NAME = "$(TARGET_NAME)";
				STRING_CATALOG_GENERATE_SYMBOLS = YES;
				SWIFT_APPROACHABLE_CONCURRENCY = YES;
				SWIFT_DEFAULT_ACTOR_ISOLATION = MainActor;
				SWIFT_EMIT_LOC_STRINGS = YES;
				SWIFT_UPCOMING_FEATURE_MEMBER_IMPORT_VISIBILITY = YES;
				SWIFT_VERSION = 5.0;
				TARGETED_DEVICE_FAMILY = "1,2";
			};
			name = Release;
		};
		F21313902ECBE4A40027058B /* Debug */ = {
			isa = XCBuildConfiguration;
			buildSettings = {
				BUNDLE_LOADER = "$(TEST_HOST)";
				CODE_SIGN_STYLE = Automatic;
				CURRENT_PROJECT_VERSION = 1;
				GENERATE_INFOPLIST_FILE = YES;
				IPHONEOS_DEPLOYMENT_TARGET = 26.1;
				MARKETING_VERSION = 1.0;
				PRODUCT_BUNDLE_IDENTIFIER = TAC.ParkEatsTests;
				PRODUCT_NAME = "$(TARGET_NAME)";
				STRING_CATALOG_GENERATE_SYMBOLS = NO;
				SWIFT_APPROACHABLE_CONCURRENCY = YES;
				SWIFT_EMIT_LOC_STRINGS = NO;
				SWIFT_UPCOMING_FEATURE_MEMBER_IMPORT_VISIBILITY = YES;
				SWIFT_VERSION = 5.0;
				TARGETED_DEVICE_FAMILY = "1,2";
				TEST_HOST = "$(BUILT_PRODUCTS_DIR)/ParkEats.app/$(BUNDLE_EXECUTABLE_FOLDER_PATH)/ParkEats";
			};
			name = Debug;
		};
		F21313912ECBE4A40027058B /* Release */ = {
			isa = XCBuildConfiguration;
			buildSettings = {
				BUNDLE_LOADER = "$(TEST_HOST)";
				CODE_SIGN_STYLE = Automatic;
				CURRENT_PROJECT_VERSION = 1;
				GENERATE_INFOPLIST_FILE = YES;
				IPHONEOS_DEPLOYMENT_TARGET = 26.1;
				MARKETING_VERSION = 1.0;
				PRODUCT_BUNDLE_IDENTIFIER = TAC.ParkEatsTests;
				PRODUCT_NAME = "$(TARGET_NAME)";
				STRING_CATALOG_GENERATE_SYMBOLS = NO;
				SWIFT_APPROACHABLE_CONCURRENCY = YES;
				SWIFT_EMIT_LOC_STRINGS = NO;
				SWIFT_UPCOMING_FEATURE_MEMBER_IMPORT_VISIBILITY = YES;
				SWIFT_VERSION = 5.0;
				TARGETED_DEVICE_FAMILY = "1,2";
				TEST_HOST = "$(BUILT_PRODUCTS_DIR)/ParkEats.app/$(BUNDLE_EXECUTABLE_FOLDER_PATH)/ParkEats";
			};
			name = Release;
		};
		F21313932ECBE4A40027058B /* Debug */ = {
			isa = XCBuildConfiguration;
			buildSettings = {
				CODE_SIGN_STYLE = Automatic;
				CURRENT_PROJECT_VERSION = 1;
				GENERATE_INFOPLIST_FILE = YES;
				MARKETING_VERSION = 1.0;
				PRODUCT_BUNDLE_IDENTIFIER = TAC.ParkEatsUITests;
				PRODUCT_NAME = "$(TARGET_NAME)";
				STRING_CATALOG_GENERATE_SYMBOLS = NO;
				SWIFT_APPROACHABLE_CONCURRENCY = YES;
				SWIFT_EMIT_LOC_STRINGS = NO;
				SWIFT_UPCOMING_FEATURE_MEMBER_IMPORT_VISIBILITY = YES;
				SWIFT_VERSION = 5.0;
				TARGETED_DEVICE_FAMILY = "1,2";
				TEST_TARGET_NAME = ParkEats;
			};
			name = Debug;
		};
		F21313942ECBE4A40027058B /* Release */ = {
			isa = XCBuildConfiguration;
			buildSettings = {
				CODE_SIGN_STYLE = Automatic;
				CURRENT_PROJECT_VERSION = 1;
				GENERATE_INFOPLIST_FILE = YES;
				MARKETING_VERSION = 1.0;
				PRODUCT_BUNDLE_IDENTIFIER = TAC.ParkEatsUITests;
				PRODUCT_NAME = "$(TARGET_NAME)";
				STRING_CATALOG_GENERATE_SYMBOLS = NO;
				SWIFT_APPROACHABLE_CONCURRENCY = YES;
				SWIFT_EMIT_LOC_STRINGS = NO;
				SWIFT_UPCOMING_FEATURE_MEMBER_IMPORT_VISIBILITY = YES;
				SWIFT_VERSION = 5.0;
				TARGETED_DEVICE_FAMILY = "1,2";
				TEST_TARGET_NAME = ParkEats;
			};
			name = Release;
		};
/* End XCBuildConfiguration section */

/* Begin XCConfigurationList section */
		F21313662ECBE4A20027058B /* Build configuration list for PBXProject "ParkEats" */ = {
			isa = XCConfigurationList;
			buildConfigurations = (
				F213138A2ECBE4A40027058B /* Debug */,
				F213138B2ECBE4A40027058B /* Release */,
			);
			defaultConfigurationIsVisible = 0;
			defaultConfigurationName = Release;
		};
		F213138C2ECBE4A40027058B /* Build configuration list for PBXNativeTarget "ParkEats" */ = {
			isa = XCConfigurationList;
			buildConfigurations = (
				F213138D2ECBE4A40027058B /* Debug */,
				F213138E2ECBE4A40027058B /* Release */,
			);
			defaultConfigurationIsVisible = 0;
			defaultConfigurationName = Release;
		};
		F213138F2ECBE4A40027058B /* Build configuration list for PBXNativeTarget "ParkEatsTests" */ = {
			isa = XCConfigurationList;
			buildConfigurations = (
				F21313902ECBE4A40027058B /* Debug */,
				F21313912ECBE4A40027058B /* Release */,
			);
			defaultConfigurationIsVisible = 0;
			defaultConfigurationName = Release;
		};
		F21313922ECBE4A40027058B /* Build configuration list for PBXNativeTarget "ParkEatsUITests" */ = {
			isa = XCConfigurationList;
			buildConfigurations = (
				F21313932ECBE4A40027058B /* Debug */,
				F21313942ECBE4A40027058B /* Release */,
			);
			defaultConfigurationIsVisible = 0;
			defaultConfigurationName = Release;
		};
/* End XCConfigurationList section */

/* Begin XCRemoteSwiftPackageReference section */
		F21313CF2ECE9D730027058B /* XCRemoteSwiftPackageReference "firebase-ios-sdk" */ = {
			isa = XCRemoteSwiftPackageReference;
			repositoryURL = "https://github.com/firebase/firebase-ios-sdk";
			requirement = {
				kind = upToNextMajorVersion;
				minimumVersion = 12.6.0;
			};
		};
		F29C3CAF2EDFF08C00BAEBBD /* XCRemoteSwiftPackageReference "GoogleSignIn-iOS" */ = {
			isa = XCRemoteSwiftPackageReference;
			repositoryURL = "https://github.com/google/GoogleSignIn-iOS";
			requirement = {
				kind = upToNextMajorVersion;
				minimumVersion = 9.0.0;
			};
		};
		F29C3CF52EE3911600BAEBBD /* XCRemoteSwiftPackageReference "SDWebImageSwiftUI" */ = {
			isa = XCRemoteSwiftPackageReference;
			repositoryURL = "https://github.com/SDWebImage/SDWebImageSwiftUI.git";
			requirement = {
				kind = upToNextMajorVersion;
				minimumVersion = 3.1.4;
			};
		};
/* End XCRemoteSwiftPackageReference section */

/* Begin XCSwiftPackageProductDependency section */
		F21313D02ECE9D730027058B /* FirebaseAuth */ = {
			isa = XCSwiftPackageProductDependency;
			package = F21313CF2ECE9D730027058B /* XCRemoteSwiftPackageReference "firebase-ios-sdk" */;
			productName = FirebaseAuth;
		};
		F21313D22ECE9D730027058B /* FirebaseAuthCombine-Community */ = {
			isa = XCSwiftPackageProductDependency;
			package = F21313CF2ECE9D730027058B /* XCRemoteSwiftPackageReference "firebase-ios-sdk" */;
			productName = "FirebaseAuthCombine-Community";
		};
		F21313D42ECE9D730027058B /* FirebaseDatabase */ = {
			isa = XCSwiftPackageProductDependency;
			package = F21313CF2ECE9D730027058B /* XCRemoteSwiftPackageReference "firebase-ios-sdk" */;
			productName = FirebaseDatabase;
		};
		F21313D62ECE9D730027058B /* FirebaseFirestore */ = {
			isa = XCSwiftPackageProductDependency;
			package = F21313CF2ECE9D730027058B /* XCRemoteSwiftPackageReference "firebase-ios-sdk" */;
			productName = FirebaseFirestore;
		};
		F21313D82ECE9D730027058B /* FirebaseFirestoreCombine-Community */ = {
			isa = XCSwiftPackageProductDependency;
			package = F21313CF2ECE9D730027058B /* XCRemoteSwiftPackageReference "firebase-ios-sdk" */;
			productName = "FirebaseFirestoreCombine-Community";
		};
		F21313DA2ECE9D730027058B /* FirebaseStorage */ = {
			isa = XCSwiftPackageProductDependency;
			package = F21313CF2ECE9D730027058B /* XCRemoteSwiftPackageReference "firebase-ios-sdk" */;
			productName = FirebaseStorage;
		};
		F21313DC2ECE9D730027058B /* FirebaseStorageCombine-Community */ = {
			isa = XCSwiftPackageProductDependency;
			package = F21313CF2ECE9D730027058B /* XCRemoteSwiftPackageReference "firebase-ios-sdk" */;
			productName = "FirebaseStorageCombine-Community";
		};
		F29C3CB02EDFF08C00BAEBBD /* GoogleSignIn */ = {
			isa = XCSwiftPackageProductDependency;
			package = F29C3CAF2EDFF08C00BAEBBD /* XCRemoteSwiftPackageReference "GoogleSignIn-iOS" */;
			productName = GoogleSignIn;
		};
		F29C3CB22EDFF08C00BAEBBD /* GoogleSignInSwift */ = {
			isa = XCSwiftPackageProductDependency;
			package = F29C3CAF2EDFF08C00BAEBBD /* XCRemoteSwiftPackageReference "GoogleSignIn-iOS" */;
			productName = GoogleSignInSwift;
		};
		F29C3CF62EE3911600BAEBBD /* SDWebImageSwiftUI */ = {
			isa = XCSwiftPackageProductDependency;
			package = F29C3CF52EE3911600BAEBBD /* XCRemoteSwiftPackageReference "SDWebImageSwiftUI" */;
			productName = SDWebImageSwiftUI;
		};
/* End XCSwiftPackageProductDependency section */
	};
	rootObject = F21313632ECBE4A20027058B /* Project object */;
}
